// !$*UTF8*$!
{
	archiveVersion = 1;
	classes = {
	};
	objectVersion = 46;
	objects = {

/* Begin PBXBuildFile section */
		18499B2C1A7DC0FA0035797A /* AppDelegate.swift in Sources */ = {isa = PBXBuildFile; fileRef = 18499B2B1A7DC0FA0035797A /* AppDelegate.swift */; };
		18499B2E1A7DC0FA0035797A /* ViewController.swift in Sources */ = {isa = PBXBuildFile; fileRef = 18499B2D1A7DC0FA0035797A /* ViewController.swift */; };
		18499B311A7DC0FA0035797A /* Main.storyboard in Resources */ = {isa = PBXBuildFile; fileRef = 18499B2F1A7DC0FA0035797A /* Main.storyboard */; };
		18499B331A7DC0FA0035797A /* Images.xcassets in Resources */ = {isa = PBXBuildFile; fileRef = 18499B321A7DC0FA0035797A /* Images.xcassets */; };
		18499B361A7DC0FA0035797A /* LaunchScreen.xib in Resources */ = {isa = PBXBuildFile; fileRef = 18499B341A7DC0FA0035797A /* LaunchScreen.xib */; };
		18499B421A7DC0FA0035797A /* cccTests.swift in Sources */ = {isa = PBXBuildFile; fileRef = 18499B411A7DC0FA0035797A /* cccTests.swift */; };
/* End PBXBuildFile section */

/* Begin PBXContainerItemProxy section */
		18499B3C1A7DC0FA0035797A /* PBXContainerItemProxy */ = {
			isa = PBXContainerItemProxy;
			containerPortal = 18499B1E1A7DC0FA0035797A /* Project object */;
			proxyType = 1;
			remoteGlobalIDString = 18499B251A7DC0FA0035797A;
			remoteInfo = ccc;
		};
/* End PBXContainerItemProxy section */

/* Begin PBXFileReference section */
		18499B261A7DC0FA0035797A /* ccc.app */ = {isa = PBXFileReference; explicitFileType = wrapper.application; includeInIndex = 0; path = ccc.app; sourceTree = BUILT_PRODUCTS_DIR; };
		18499B2A1A7DC0FA0035797A /* Info.plist */ = {isa = PBXFileReference; lastKnownFileType = text.plist.xml; path = Info.plist; sourceTree = "<group>"; };
		18499B2B1A7DC0FA0035797A /* AppDelegate.swift */ = {isa = PBXFileReference; lastKnownFileType = sourcecode.swift; path = AppDelegate.swift; sourceTree = "<group>"; };
		18499B2D1A7DC0FA0035797A /* ViewController.swift */ = {isa = PBXFileReference; lastKnownFileType = sourcecode.swift; path = ViewController.swift; sourceTree = "<group>"; };
		18499B301A7DC0FA0035797A /* Base */ = {isa = PBXFileReference; lastKnownFileType = file.storyboard; name = Base; path = Base.lproj/Main.storyboard; sourceTree = "<group>"; };
		18499B321A7DC0FA0035797A /* Images.xcassets */ = {isa = PBXFileReference; lastKnownFileType = folder.assetcatalog; path = Images.xcassets; sourceTree = "<group>"; };
		18499B351A7DC0FA0035797A /* Base */ = {isa = PBXFileReference; lastKnownFileType = file.xib; name = Base; path = Base.lproj/LaunchScreen.xib; sourceTree = "<group>"; };
		18499B3B1A7DC0FA0035797A /* cccTests.xctest */ = {isa = PBXFileReference; explicitFileType = wrapper.cfbundle; includeInIndex = 0; path = cccTests.xctest; sourceTree = BUILT_PRODUCTS_DIR; };
		18499B401A7DC0FA0035797A /* Info.plist */ = {isa = PBXFileReference; lastKnownFileType = text.plist.xml; path = Info.plist; sourceTree = "<group>"; };
		18499B411A7DC0FA0035797A /* cccTests.swift */ = {isa = PBXFileReference; lastKnownFileType = sourcecode.swift; path = cccTests.swift; sourceTree = "<group>"; };
/* End PBXFileReference section */

/* Begin PBXFrameworksBuildPhase section */
		18499B231A7DC0FA0035797A /* Frameworks */ = {
			isa = PBXFrameworksBuildPhase;
			buildActionMask = 2147483647;
			files = (
			);
			runOnlyForDeploymentPostprocessing = 0;
		};
		18499B381A7DC0FA0035797A /* Frameworks */ = {
			isa = PBXFrameworksBuildPhase;
			buildActionMask = 2147483647;
			files = (
			);
			runOnlyForDeploymentPostprocessing = 0;
		};
/* End PBXFrameworksBuildPhase section */

/* Begin PBXGroup section */
		18499B1D1A7DC0FA0035797A = {
			isa = PBXGroup;
			children = (
				18499B281A7DC0FA0035797A /* ccc */,
				18499B3E1A7DC0FA0035797A /* cccTests */,
				18499B271A7DC0FA0035797A /* Products */,
			);
			sourceTree = "<group>";
		};
		18499B271A7DC0FA0035797A /* Products */ = {
			isa = PBXGroup;
			children = (
				18499B261A7DC0FA0035797A /* ccc.app */,
				18499B3B1A7DC0FA0035797A /* cccTests.xctest */,
			);
			name = Products;
			sourceTree = "<group>";
		};
		18499B281A7DC0FA0035797A /* ccc */ = {
			isa = PBXGroup;
			children = (
				18499B2B1A7DC0FA0035797A /* AppDelegate.swift */,
				18499B2D1A7DC0FA0035797A /* ViewController.swift */,
				18499B2F1A7DC0FA0035797A /* Main.storyboard */,
				18499B321A7DC0FA0035797A /* Images.xcassets */,
				18499B341A7DC0FA0035797A /* LaunchScreen.xib */,
				18499B291A7DC0FA0035797A /* Supporting Files */,
			);
			path = ccc;
			sourceTree = "<group>";
		};
		18499B291A7DC0FA0035797A /* Supporting Files */ = {
			isa = PBXGroup;
			children = (
				18499B2A1A7DC0FA0035797A /* Info.plist */,
			);
			name = "Supporting Files";
			sourceTree = "<group>";
		};
		18499B3E1A7DC0FA0035797A /* cccTests */ = {
			isa = PBXGroup;
			children = (
				18499B411A7DC0FA0035797A /* cccTests.swift */,
				18499B3F1A7DC0FA0035797A /* Supporting Files */,
			);
			path = cccTests;
			sourceTree = "<group>";
		};
		18499B3F1A7DC0FA0035797A /* Supporting Files */ = {
			isa = PBXGroup;
			children = (
				18499B401A7DC0FA0035797A /* Info.plist */,
			);
			name = "Supporting Files";
			sourceTree = "<group>";
		};
/* End PBXGroup section */

/* Begin PBXNativeTarget section */
		18499B251A7DC0FA0035797A /* ccc */ = {
			isa = PBXNativeTarget;
			buildConfigurationList = 18499B451A7DC0FA0035797A /* Build configuration list for PBXNativeTarget "ccc" */;
			buildPhases = (
				18499B221A7DC0FA0035797A /* Sources */,
				18499B231A7DC0FA0035797A /* Frameworks */,
				18499B241A7DC0FA0035797A /* Resources */,
			);
			buildRules = (
			);
			dependencies = (
			);
			name = ccc;
			productName = ccc;
			productReference = 18499B261A7DC0FA0035797A /* ccc.app */;
			productType = "com.apple.product-type.application";
		};
		18499B3A1A7DC0FA0035797A /* cccTests */ = {
			isa = PBXNativeTarget;
			buildConfigurationList = 18499B481A7DC0FA0035797A /* Build configuration list for PBXNativeTarget "cccTests" */;
			buildPhases = (
				18499B371A7DC0FA0035797A /* Sources */,
				18499B381A7DC0FA0035797A /* Frameworks */,
				18499B391A7DC0FA0035797A /* Resources */,
			);
			buildRules = (
			);
			dependencies = (
				18499B3D1A7DC0FA0035797A /* PBXTargetDependency */,
			);
			name = cccTests;
			productName = cccTests;
			productReference = 18499B3B1A7DC0FA0035797A /* cccTests.xctest */;
			productType = "com.apple.product-type.bundle.unit-test";
		};
/* End PBXNativeTarget section */

/* Begin PBXProject section */
		18499B1E1A7DC0FA0035797A /* Project object */ = {
			isa = PBXProject;
			attributes = {
				LastUpgradeCheck = 0610;
				ORGANIZATIONNAME = apple;
				TargetAttributes = {
					18499B251A7DC0FA0035797A = {
						CreatedOnToolsVersion = 6.1.1;
					};
					18499B3A1A7DC0FA0035797A = {
						CreatedOnToolsVersion = 6.1.1;
						TestTargetID = 18499B251A7DC0FA0035797A;
					};
				};
			};
			buildConfigurationList = 18499B211A7DC0FA0035797A /* Build configuration list for PBXProject "ccc" */;
			compatibilityVersion = "Xcode 3.2";
			developmentRegion = English;
			hasScannedForEncodings = 0;
			knownRegions = (
				en,
				Base,
			);
			mainGroup = 18499B1D1A7DC0FA0035797A;
			productRefGroup = 18499B271A7DC0FA0035797A /* Products */;
			projectDirPath = "";
			projectRoot = "";
			targets = (
				18499B251A7DC0FA0035797A /* ccc */,
				18499B3A1A7DC0FA0035797A /* cccTests */,
			);
		};
/* End PBXProject section */

/* Begin PBXResourcesBuildPhase section */
		18499B241A7DC0FA0035797A /* Resources */ = {
			isa = PBXResourcesBuildPhase;
			buildActionMask = 2147483647;
			files = (
				18499B311A7DC0FA0035797A /* Main.storyboard in Resources */,
				18499B361A7DC0FA0035797A /* LaunchScreen.xib in Resources */,
				18499B331A7DC0FA0035797A /* Images.xcassets in Resources */,
			);
			runOnlyForDeploymentPostprocessing = 0;
		};
		18499B391A7DC0FA0035797A /* Resources */ = {
			isa = PBXResourcesBuildPhase;
			buildActionMask = 2147483647;
			files = (
			);
			runOnlyForDeploymentPostprocessing = 0;
		};
/* End PBXResourcesBuildPhase section */

/* Begin PBXSourcesBuildPhase section */
		18499B221A7DC0FA0035797A /* Sources */ = {
			isa = PBXSourcesBuildPhase;
			buildActionMask = 2147483647;
			files = (
				18499B2E1A7DC0FA0035797A /* ViewController.swift in Sources */,
				18499B2C1A7DC0FA0035797A /* AppDelegate.swift in Sources */,
			);
			runOnlyForDeploymentPostprocessing = 0;
		};
		18499B371A7DC0FA0035797A /* Sources */ = {
			isa = PBXSourcesBuildPhase;
			buildActionMask = 2147483647;
			files = (
				18499B421A7DC0FA0035797A /* cccTests.swift in Sources */,
			);
			runOnlyForDeploymentPostprocessing = 0;
		};
/* End PBXSourcesBuildPhase section */

/* Begin PBXTargetDependency section */
		18499B3D1A7DC0FA0035797A /* PBXTargetDependency */ = {
			isa = PBXTargetDependency;
			target = 18499B251A7DC0FA0035797A /* ccc */;
			targetProxy = 18499B3C1A7DC0FA0035797A /* PBXContainerItemProxy */;
		};
/* End PBXTargetDependency section */

/* Begin PBXVariantGroup section */
		18499B2F1A7DC0FA0035797A /* Main.storyboard */ = {
			isa = PBXVariantGroup;
			children = (
				18499B301A7DC0FA0035797A /* Base */,
			);
			name = Main.storyboard;
			sourceTree = "<group>";
		};
		18499B341A7DC0FA0035797A /* LaunchScreen.xib */ = {
			isa = PBXVariantGroup;
			children = (
				18499B351A7DC0FA0035797A /* Base */,
			);
			name = LaunchScreen.xib;
			sourceTree = "<group>";
		};
/* End PBXVariantGroup section */

/* Begin XCBuildConfiguration section */
		18499B431A7DC0FA0035797A /* Debug */ = {
			isa = XCBuildConfiguration;
			buildSettings = {
				ALWAYS_SEARCH_USER_PATHS = NO;
				CLANG_CXX_LANGUAGE_STANDARD = "gnu++0x";
				CLANG_CXX_LIBRARY = "libc++";
				CLANG_ENABLE_MODULES = YES;
				CLANG_ENABLE_OBJC_ARC = YES;
				CLANG_WARN_BOOL_CONVERSION = YES;
				CLANG_WARN_CONSTANT_CONVERSION = YES;
				CLANG_WARN_DIRECT_OBJC_ISA_USAGE = YES_ERROR;
				CLANG_WARN_EMPTY_BODY = YES;
				CLANG_WARN_ENUM_CONVERSION = YES;
				CLANG_WARN_INT_CONVERSION = YES;
				CLANG_WARN_OBJC_ROOT_CLASS = YES_ERROR;
				CLANG_WARN_UNREACHABLE_CODE = YES;
				CLANG_WARN__DUPLICATE_METHOD_MATCH = YES;
				"CODE_SIGN_IDENTITY[sdk=iphoneos*]" = "iPhone Developer";
				COPY_PHASE_STRIP = NO;
				ENABLE_STRICT_OBJC_MSGSEND = YES;
				GCC_C_LANGUAGE_STANDARD = gnu99;
				GCC_DYNAMIC_NO_PIC = NO;
				GCC_OPTIMIZATION_LEVEL = 0;
				GCC_PREPROCESSOR_DEFINITIONS = (
					"DEBUG=1",
					"$(inherited)",
				);
				GCC_SYMBOLS_PRIVATE_EXTERN = NO;
				GCC_WARN_64_TO_32_BIT_CONVERSION = YES;
				GCC_WARN_ABOUT_RETURN_TYPE = YES_ERROR;
				GCC_WARN_UNDECLARED_SELECTOR = YES;
				GCC_WARN_UNINITIALIZED_AUTOS = YES_AGGRESSIVE;
				GCC_WARN_UNUSED_FUNCTION = YES;
				GCC_WARN_UNUSED_VARIABLE = YES;
				IPHONEOS_DEPLOYMENT_TARGET = 8.1;
				MTL_ENABLE_DEBUG_INFO = YES;
				ONLY_ACTIVE_ARCH = YES;
				SDKROOT = iphoneos;
				SWIFT_OPTIMIZATION_LEVEL = "-Onone";
				TARGETED_DEVICE_FAMILY = "1,2";
			};
			name = Debug;
		};
		18499B441A7DC0FA0035797A /* Release */ = {
			isa = XCBuildConfiguration;
			buildSettings = {
				ALWAYS_SEARCH_USER_PATHS = NO;
				CLANG_CXX_LANGUAGE_STANDARD = "gnu++0x";
				CLANG_CXX_LIBRARY = "libc++";
				CLANG_ENABLE_MODULES = YES;
				CLANG_ENABLE_OBJC_ARC = YES;
				CLANG_WARN_BOOL_CONVERSION = YES;
				CLANG_WARN_CONSTANT_CONVERSION = YES;
				CLANG_WARN_DIRECT_OBJC_ISA_USAGE = YES_ERROR;
				CLANG_WARN_EMPTY_BODY = YES;
				CLANG_WARN_ENUM_CONVERSION = YES;
				CLANG_WARN_INT_CONVERSION = YES;
				CLANG_WARN_OBJC_ROOT_CLASS = YES_ERROR;
				CLANG_WARN_UNREACHABLE_CODE = YES;
				CLANG_WARN__DUPLICATE_METHOD_MATCH = YES;
				"CODE_SIGN_IDENTITY[sdk=iphoneos*]" = "iPhone Developer";
				COPY_PHASE_STRIP = YES;
				ENABLE_NS_ASSERTIONS = NO;
				ENABLE_STRICT_OBJC_MSGSEND = YES;
				GCC_C_LANGUAGE_STANDARD = gnu99;
				GCC_WARN_64_TO_32_BIT_CONVERSION = YES;
				GCC_WARN_ABOUT_RETURN_TYPE = YES_ERROR;
				GCC_WARN_UNDECLARED_SELECTOR = YES;
				GCC_WARN_UNINITIALIZED_AUTOS = YES_AGGRESSIVE;
				GCC_WARN_UNUSED_FUNCTION = YES;
				GCC_WARN_UNUSED_VARIABLE = YES;
				IPHONEOS_DEPLOYMENT_TARGET = 8.1;
				MTL_ENABLE_DEBUG_INFO = NO;
				SDKROOT = iphoneos;
				TARGETED_DEVICE_FAMILY = "1,2";
				VALIDATE_PRODUCT = YES;
			};
			name = Release;
		};
		18499B461A7DC0FA0035797A /* Debug */ = {
			isa = XCBuildConfiguration;
			buildSettings = {
				ASSETCATALOG_COMPILER_APPICON_NAME = AppIcon;
				INFOPLIST_FILE = ccc/Info.plist;
				LD_RUNPATH_SEARCH_PATHS = "$(inherited) @executable_path/Frameworks";
				PRODUCT_NAME = "$(TARGET_NAME)";
			};
			name = Debug;
		};
		18499B471A7DC0FA0035797A /* Release */ = {
			isa = XCBuildConfiguration;
			buildSettings = {
				ASSETCATALOG_COMPILER_APPICON_NAME = AppIcon;
				INFOPLIST_FILE = ccc/Info.plist;
				LD_RUNPATH_SEARCH_PATHS = "$(inherited) @executable_path/Frameworks";
				PRODUCT_NAME = "$(TARGET_NAME)";
			};
			name = Release;
		};
		18499B491A7DC0FA0035797A /* Debug */ = {
			isa = XCBuildConfiguration;
			buildSettings = {
				BUNDLE_LOADER = "$(TEST_HOST)";
				FRAMEWORK_SEARCH_PATHS = (
					"$(SDKROOT)/Developer/Library/Frameworks",
					"$(inherited)",
				);
				GCC_PREPROCESSOR_DEFINITIONS = (
					"DEBUG=1",
					"$(inherited)",
				);
				INFOPLIST_FILE = cccTests/Info.plist;
				LD_RUNPATH_SEARCH_PATHS = "$(inherited) @executable_path/Frameworks @loader_path/Frameworks";
				PRODUCT_NAME = "$(TARGET_NAME)";
				TEST_HOST = "$(BUILT_PRODUCTS_DIR)/ccc.app/ccc";
			};
			name = Debug;
		};
		18499B4A1A7DC0FA0035797A /* Release */ = {
			isa = XCBuildConfiguration;
			buildSettings = {
				BUNDLE_LOADER = "$(TEST_HOST)";
				FRAMEWORK_SEARCH_PATHS = (
					"$(SDKROOT)/Developer/Library/Frameworks",
					"$(inherited)",
				);
				INFOPLIST_FILE = cccTests/Info.plist;
				LD_RUNPATH_SEARCH_PATHS = "$(inherited) @executable_path/Frameworks @loader_path/Frameworks";
				PRODUCT_NAME = "$(TARGET_NAME)";
				TEST_HOST = "$(BUILT_PRODUCTS_DIR)/ccc.app/ccc";
			};
			name = Release;
		};
/* End XCBuildConfiguration section */

/* Begin XCConfigurationList section */
		18499B211A7DC0FA0035797A /* Build configuration list for PBXProject "ccc" */ = {
			isa = XCConfigurationList;
			buildConfigurations = (
				18499B431A7DC0FA0035797A /* Debug */,
				18499B441A7DC0FA0035797A /* Release */,
			);
			defaultConfigurationIsVisible = 0;
			defaultConfigurationName = Release;
		};
		18499B451A7DC0FA0035797A /* Build configuration list for PBXNativeTarget "ccc" */ = {
			isa = XCConfigurationList;
			buildConfigurations = (
				18499B461A7DC0FA0035797A /* Debug */,
				18499B471A7DC0FA0035797A /* Release */,
			);
			defaultConfigurationIsVisible = 0;
		};
		18499B481A7DC0FA0035797A /* Build configuration list for PBXNativeTarget "cccTests" */ = {
			isa = XCConfigurationList;
			buildConfigurations = (
				18499B491A7DC0FA0035797A /* Debug */,
				18499B4A1A7DC0FA0035797A /* Release */,
			);
			defaultConfigurationIsVisible = 0;
		};
/* End XCConfigurationList section */
	};
	rootObject = 18499B1E1A7DC0FA0035797A /* Project object */;
}
